
Microsoft Visual Studio Solution File, Format Version 12.00
# Visual Studio 2013
VisualStudioVersion = 12.0.31101.0
MinimumVisualStudioVersion = 10.0.40219.1
Project("{9092AA53-FB77-4645-B42D-1CCCA6BD08BD}") = "node-gc100", "node-gc100\node-gc100.njsproj", "{EC1E98DE-268A-4F7A-B2BA-0075D5079E45}"
EndProject
Project("{9092AA53-FB77-4645-B42D-1CCCA6BD08BD}") = "Sample", "Sample\Sample.njsproj", "{800D9DC6-F775-48ED-AE11-75EAC60A932A}"
EndProject
Global
	GlobalSection(SolutionConfigurationPlatforms) = preSolution
		Debug|Any CPU = Debug|Any CPU
		Release|Any CPU = Release|Any CPU
	EndGlobalSection
	GlobalSection(ProjectConfigurationPlatforms) = postSolution
		{EC1E98DE-268A-4F7A-B2BA-0075D5079E45}.Debug|Any CPU.ActiveCfg = Debug|Any CPU
		{EC1E98DE-268A-4F7A-B2BA-0075D5079E45}.Debug|Any CPU.Build.0 = Debug|Any CPU
		{EC1E98DE-268A-4F7A-B2BA-0075D5079E45}.Release|Any CPU.ActiveCfg = Release|Any CPU
		{EC1E98DE-268A-4F7A-B2BA-0075D5079E45}.Release|Any CPU.Build.0 = Release|Any CPU
		{800D9DC6-F775-48ED-AE11-75EAC60A932A}.Debug|Any CPU.ActiveCfg = Debug|Any CPU
		{800D9DC6-F775-48ED-AE11-75EAC60A932A}.Debug|Any CPU.Build.0 = Debug|Any CPU
		{800D9DC6-F775-48ED-AE11-75EAC60A932A}.Release|Any CPU.ActiveCfg = Release|Any CPU
		{800D9DC6-F775-48ED-AE11-75EAC60A932A}.Release|Any CPU.Build.0 = Release|Any CPU
	EndGlobalSection
	GlobalSection(SolutionProperties) = preSolution
		HideSolutionNode = FALSE
	EndGlobalSection
EndGlobal
